
Microsoft Visual Studio Solution File, Format Version 12.00
# Visual Studio Express 14 for Windows Desktop
VisualStudioVersion = 14.0.25420.1
MinimumVisualStudioVersion = 10.0.40219.1
Project("{FAE04EC0-301F-11D3-BF4B-00C04F79EFBC}") = "MVVMSample", "App\MVVMSample.csproj", "{8ABA7969-082E-4763-A151-A6D0FB14F7CA}"
EndProject
Project("{FAE04EC0-301F-11D3-BF4B-00C04F79EFBC}") = "MVVMSampleTests", "MVVMSampleTests\MVVMSampleTests.csproj", "{C38481BE-80C2-4264-9B8C-61D4A97FBA92}"
EndProject
Global
	GlobalSection(SolutionConfigurationPlatforms) = preSolution
		Debug|Any CPU = Debug|Any CPU
		Release|Any CPU = Release|Any CPU
	EndGlobalSection
	GlobalSection(ProjectConfigurationPlatforms) = postSolution
		{8ABA7969-082E-4763-A151-A6D0FB14F7CA}.Debug|Any CPU.ActiveCfg = Debug|Any CPU
		{8ABA7969-082E-4763-A151-A6D0FB14F7CA}.Debug|Any CPU.Build.0 = Debug|Any CPU
		{8ABA7969-082E-4763-A151-A6D0FB14F7CA}.Release|Any CPU.ActiveCfg = Release|Any CPU
		{8ABA7969-082E-4763-A151-A6D0FB14F7CA}.Release|Any CPU.Build.0 = Release|Any CPU
		{C38481BE-80C2-4264-9B8C-61D4A97FBA92}.Debug|Any CPU.ActiveCfg = Debug|Any CPU
		{C38481BE-80C2-4264-9B8C-61D4A97FBA92}.Debug|Any CPU.Build.0 = Debug|Any CPU
		{C38481BE-80C2-4264-9B8C-61D4A97FBA92}.Release|Any CPU.ActiveCfg = Release|Any CPU
		{C38481BE-80C2-4264-9B8C-61D4A97FBA92}.Release|Any CPU.Build.0 = Release|Any CPU
	EndGlobalSection
	GlobalSection(SolutionProperties) = preSolution
		HideSolutionNode = FALSE
	EndGlobalSection
EndGlobal
